FORGE
  remote: http://forge.puppetlabs.com
  specs:
    garethr/docker (0.7.0)
      puppetlabs/apt (>= 1.1.0)
      puppetlabs/stdlib (>= 4.1.0)
    garethr/elixir (0.0.2)
      garethr/erlang (>= 0.0.0)
      maestrodev/wget (>= 0.0.0)
      puppetlabs/stdlib (>= 0.0.0)
    garethr/erlang (0.0.3)
      puppetlabs/apt (>= 0.0.0)
      puppetlabs/stdlib (>= 0.0.0)
    garethr/golang (0.0.4)
      puppetlabs/apt (>= 1.1.0)
      puppetlabs/stdlib (>= 3.2.0)
    garethr/scala (0.1.2)
      maestrodev/wget (>= 0.0.0)
      puppetlabs/stdlib (>= 0.0.0)
    garethr/spotify (0.0.1)
      puppetlabs/apt (>= 0.0.0)
    maestrodev/android (1.1.0)
      maestrodev/wget (>= 1.0.0)
    maestrodev/wget (1.2.0)
    puppetlabs/apt (1.4.0)
      puppetlabs/stdlib (>= 2.2.1)
    puppetlabs/gcc (0.0.3)
    puppetlabs/java (0.3.0)
      puppetlabs/stdlib (>= 0.1.6)
    puppetlabs/ntp (1.0.1)
      puppetlabs/stdlib (>= 0.1.6)
    puppetlabs/stdlib (4.1.0)
    willdurand/nodejs (0.0.3)

GIT
  remote: git://github.com/garethr/puppet-googlechrome.git
  ref: master
  sha: f3df774b8543c31e11232482415c65974abe9b00
  specs:
    googlechrome (0.0.1)

GIT
  remote: git@github.com:drogerschariot/puppet-oracle-java.git
  ref: master
  sha: b3a56e7bfc332eab12d6e5557eb40243ca88146d
  specs:
    oracle_java (0.0.1)

DEPENDENCIES
  garethr/docker (>= 0)
  garethr/elixir (>= 0)
  garethr/erlang (>= 0)
  garethr/golang (>= 0)
  garethr/scala (>= 0)
  garethr/spotify (>= 0)
  googlechrome (>= 0)
  maestrodev/android (>= 0)
  oracle_java (>= 0)
  puppetlabs/apt (>= 0)
  puppetlabs/gcc (>= 0)
  puppetlabs/java (>= 0)
  puppetlabs/ntp (>= 0)
  willdurand/nodejs (>= 0)

